{
  "name": "math_reminders",
  "version": "1.0.0",
  "lockfileVersion": 1,
  "requires": true,
  "dependencies": {
    "jquery": {
      "version": "3.3.1",
      "resolved": "https://registry.npmjs.org/jquery/-/jquery-3.3.1.tgz",
      "integrity": "sha512-Ubldcmxp5np52/ENotGxlLe6aGMvmF4R8S6tZjsP6Knsaxd/xp3Zrh50cG93lR6nPXyUFwzN3ZSOQI0wRJNdGg=="
    },
    "mathjax": {
      "version": "2.7.3",
      "resolved": "https://registry.npmjs.org/mathjax/-/mathjax-2.7.3.tgz",
      "integrity": "sha512-HEKJYRofOD5k9RmTj1amdA32JIJOqJ8SO+lq50mffZzdfFz+bNnsB0tJ8efMfYpiffvUHkqFRZFxXftW4BaBOw=="
    }
  }
}
